
Microsoft Visual Studio Solution File, Format Version 11.00
# Visual Studio 2010
Project("{FAE04EC0-301F-11D3-BF4B-00C04F79EFBC}") = "String Methods", "String Methods\String Methods.csproj", "{EAC5B22A-8476-4BE9-B7EF-7E8991B34108}"
EndProject
Global
	GlobalSection(SolutionConfigurationPlatforms) = preSolution
		Debug|x86 = Debug|x86
		Release|x86 = Release|x86
	EndGlobalSection
	GlobalSection(ProjectConfigurationPlatforms) = postSolution
		{EAC5B22A-8476-4BE9-B7EF-7E8991B34108}.Debug|x86.ActiveCfg = Debug|x86
		{EAC5B22A-8476-4BE9-B7EF-7E8991B34108}.Debug|x86.Build.0 = Debug|x86
		{EAC5B22A-8476-4BE9-B7EF-7E8991B34108}.Release|x86.ActiveCfg = Release|x86
		{EAC5B22A-8476-4BE9-B7EF-7E8991B34108}.Release|x86.Build.0 = Release|x86
	EndGlobalSection
	GlobalSection(SolutionProperties) = preSolution
		HideSolutionNode = FALSE
	EndGlobalSection
EndGlobal
